
Microsoft Visual Studio Solution File, Format Version 12.00
# Visual Studio Version 16
VisualStudioVersion = 16.0.30011.22
MinimumVisualStudioVersion = 10.0.40219.1
Project("{FAE04EC0-301F-11D3-BF4B-00C04F79EFBC}") = "KishoreMWebApplication", "KishoreMWebApplication\KishoreMWebApplication.csproj", "{92EE5CE9-05FE-4EDA-8998-C46247403BE6}"
EndProject
Global
	GlobalSection(SolutionConfigurationPlatforms) = preSolution
		Debug|Any CPU = Debug|Any CPU
		Release|Any CPU = Release|Any CPU
	EndGlobalSection
	GlobalSection(ProjectConfigurationPlatforms) = postSolution
		{92EE5CE9-05FE-4EDA-8998-C46247403BE6}.Debug|Any CPU.ActiveCfg = Debug|Any CPU
		{92EE5CE9-05FE-4EDA-8998-C46247403BE6}.Debug|Any CPU.Build.0 = Debug|Any CPU
		{92EE5CE9-05FE-4EDA-8998-C46247403BE6}.Release|Any CPU.ActiveCfg = Release|Any CPU
		{92EE5CE9-05FE-4EDA-8998-C46247403BE6}.Release|Any CPU.Build.0 = Release|Any CPU
	EndGlobalSection
	GlobalSection(SolutionProperties) = preSolution
		HideSolutionNode = FALSE
	EndGlobalSection
	GlobalSection(ExtensibilityGlobals) = postSolution
		SolutionGuid = {AB4E1B55-CFD5-4DD0-AB68-7654DEE5AB9B}
	EndGlobalSection
EndGlobal
